
Microsoft Visual Studio Solution File, Format Version 12.00
# Visual Studio Version 17
VisualStudioVersion = 17.6.33712.159
MinimumVisualStudioVersion = 10.0.40219.1
Project("{FAE04EC0-301F-11D3-BF4B-00C04F79EFBC}") = "Zplussolution", "Zplussolution.csproj", "{E710B39C-A6CE-4607-99A6-6E89FA304463}"
EndProject
Global
	GlobalSection(SolutionConfigurationPlatforms) = preSolution
		Debug|Any CPU = Debug|Any CPU
		Release|Any CPU = Release|Any CPU
	EndGlobalSection
	GlobalSection(ProjectConfigurationPlatforms) = postSolution
		{E710B39C-A6CE-4607-99A6-6E89FA304463}.Debug|Any CPU.ActiveCfg = Debug|Any CPU
		{E710B39C-A6CE-4607-99A6-6E89FA304463}.Debug|Any CPU.Build.0 = Debug|Any CPU
		{E710B39C-A6CE-4607-99A6-6E89FA304463}.Release|Any CPU.ActiveCfg = Release|Any CPU
		{E710B39C-A6CE-4607-99A6-6E89FA304463}.Release|Any CPU.Build.0 = Release|Any CPU
	EndGlobalSection
	GlobalSection(SolutionProperties) = preSolution
		HideSolutionNode = FALSE
	EndGlobalSection
	GlobalSection(ExtensibilityGlobals) = postSolution
		SolutionGuid = {0EAA5290-7928-4024-8030-FE9BC2BCC1B3}
	EndGlobalSection
EndGlobal
